// !$*UTF8*$!
{
	archiveVersion = 1;
	classes = {
	};
	objectVersion = 56;
	objects = {

/* Begin PBXBuildFile section */
		150CDD6D0A90541DED4BCE41 /* Pods_CameraFaceDetectExample.framework in Frameworks */ = {isa = PBXBuildFile; fileRef = B5A62EA45E8D58ED7BC59B81 /* Pods_CameraFaceDetectExample.framework */; };
		315C90002A1B4F9800EDD525 /* AppDelegate.swift in Sources */ = {isa = PBXBuildFile; fileRef = 315C8FFF2A1B4F9800EDD525 /* AppDelegate.swift */; };
		315C90022A1B4F9800EDD525 /* SceneDelegate.swift in Sources */ = {isa = PBXBuildFile; fileRef = 315C90012A1B4F9800EDD525 /* SceneDelegate.swift */; };
		315C90042A1B4F9800EDD525 /* ViewController.swift in Sources */ = {isa = PBXBuildFile; fileRef = 315C90032A1B4F9800EDD525 /* ViewController.swift */; };
		315C90072A1B4F9800EDD525 /* Main.storyboard in Resources */ = {isa = PBXBuildFile; fileRef = 315C90052A1B4F9800EDD525 /* Main.storyboard */; };
		315C90092A1B4F9900EDD525 /* Assets.xcassets in Resources */ = {isa = PBXBuildFile; fileRef = 315C90082A1B4F9900EDD525 /* Assets.xcassets */; };
		315C900C2A1B4F9900EDD525 /* LaunchScreen.storyboard in Resources */ = {isa = PBXBuildFile; fileRef = 315C900A2A1B4F9900EDD525 /* LaunchScreen.storyboard */; };
		315C90142A1B525400EDD525 /* ViewModel.swift in Sources */ = {isa = PBXBuildFile; fileRef = 315C90132A1B525400EDD525 /* ViewModel.swift */; };
/* End PBXBuildFile section */

/* Begin PBXFileReference section */
		315C8FFC2A1B4F9800EDD525 /* CameraFaceDetectExample.app */ = {isa = PBXFileReference; explicitFileType = wrapper.application; includeInIndex = 0; path = CameraFaceDetectExample.app; sourceTree = BUILT_PRODUCTS_DIR; };
		315C8FFF2A1B4F9800EDD525 /* AppDelegate.swift */ = {isa = PBXFileReference; lastKnownFileType = sourcecode.swift; path = AppDelegate.swift; sourceTree = "<group>"; };
		315C90012A1B4F9800EDD525 /* SceneDelegate.swift */ = {isa = PBXFileReference; lastKnownFileType = sourcecode.swift; path = SceneDelegate.swift; sourceTree = "<group>"; };
		315C90032A1B4F9800EDD525 /* ViewController.swift */ = {isa = PBXFileReference; lastKnownFileType = sourcecode.swift; path = ViewController.swift; sourceTree = "<group>"; };
		315C90062A1B4F9800EDD525 /* Base */ = {isa = PBXFileReference; lastKnownFileType = file.storyboard; name = Base; path = Base.lproj/Main.storyboard; sourceTree = "<group>"; };
		315C90082A1B4F9900EDD525 /* Assets.xcassets */ = {isa = PBXFileReference; lastKnownFileType = folder.assetcatalog; path = Assets.xcassets; sourceTree = "<group>"; };
		315C900B2A1B4F9900EDD525 /* Base */ = {isa = PBXFileReference; lastKnownFileType = file.storyboard; name = Base; path = Base.lproj/LaunchScreen.storyboard; sourceTree = "<group>"; };
		315C900D2A1B4F9900EDD525 /* Info.plist */ = {isa = PBXFileReference; lastKnownFileType = text.plist.xml; path = Info.plist; sourceTree = "<group>"; };
		315C90132A1B525400EDD525 /* ViewModel.swift */ = {isa = PBXFileReference; lastKnownFileType = sourcecode.swift; path = ViewModel.swift; sourceTree = "<group>"; };
		5951B37C1897E2D49C0E8326 /* Pods-CameraFaceDetectExample.debug.xcconfig */ = {isa = PBXFileReference; includeInIndex = 1; lastKnownFileType = text.xcconfig; name = "Pods-CameraFaceDetectExample.debug.xcconfig"; path = "Target Support Files/Pods-CameraFaceDetectExample/Pods-CameraFaceDetectExample.debug.xcconfig"; sourceTree = "<group>"; };
		822F3223A0C836240D8AB3DA /* Pods-CameraFaceDetectExample.release.xcconfig */ = {isa = PBXFileReference; includeInIndex = 1; lastKnownFileType = text.xcconfig; name = "Pods-CameraFaceDetectExample.release.xcconfig"; path = "Target Support Files/Pods-CameraFaceDetectExample/Pods-CameraFaceDetectExample.release.xcconfig"; sourceTree = "<group>"; };
		B5A62EA45E8D58ED7BC59B81 /* Pods_CameraFaceDetectExample.framework */ = {isa = PBXFileReference; explicitFileType = wrapper.framework; includeInIndex = 0; path = Pods_CameraFaceDetectExample.framework; sourceTree = BUILT_PRODUCTS_DIR; };
/* End PBXFileReference section */

/* Begin PBXFrameworksBuildPhase section */
		315C8FF92A1B4F9800EDD525 /* Frameworks */ = {
			isa = PBXFrameworksBuildPhase;
			buildActionMask = 2147483647;
			files = (
				150CDD6D0A90541DED4BCE41 /* Pods_CameraFaceDetectExample.framework in Frameworks */,
			);
			runOnlyForDeploymentPostprocessing = 0;
		};
/* End PBXFrameworksBuildPhase section */

/* Begin PBXGroup section */
		0073C3ED806154C679CB39BE /* Pods */ = {
			isa = PBXGroup;
			children = (
				5951B37C1897E2D49C0E8326 /* Pods-CameraFaceDetectExample.debug.xcconfig */,
				822F3223A0C836240D8AB3DA /* Pods-CameraFaceDetectExample.release.xcconfig */,
			);
			path = Pods;
			sourceTree = "<group>";
		};
		315C8FF32A1B4F9800EDD525 = {
			isa = PBXGroup;
			children = (
				315C8FFE2A1B4F9800EDD525 /* CameraFaceDetectExample */,
				315C8FFD2A1B4F9800EDD525 /* Products */,
				0073C3ED806154C679CB39BE /* Pods */,
				F88FBE126D44EF1A3BD04083 /* Frameworks */,
			);
			sourceTree = "<group>";
		};
		315C8FFD2A1B4F9800EDD525 /* Products */ = {
			isa = PBXGroup;
			children = (
				315C8FFC2A1B4F9800EDD525 /* CameraFaceDetectExample.app */,
			);
			name = Products;
			sourceTree = "<group>";
		};
		315C8FFE2A1B4F9800EDD525 /* CameraFaceDetectExample */ = {
			isa = PBXGroup;
			children = (
				315C8FFF2A1B4F9800EDD525 /* AppDelegate.swift */,
				315C90012A1B4F9800EDD525 /* SceneDelegate.swift */,
				315C90032A1B4F9800EDD525 /* ViewController.swift */,
				315C90132A1B525400EDD525 /* ViewModel.swift */,
				315C90052A1B4F9800EDD525 /* Main.storyboard */,
				315C90082A1B4F9900EDD525 /* Assets.xcassets */,
				315C900A2A1B4F9900EDD525 /* LaunchScreen.storyboard */,
				315C900D2A1B4F9900EDD525 /* Info.plist */,
			);
			path = CameraFaceDetectExample;
			sourceTree = "<group>";
		};
		F88FBE126D44EF1A3BD04083 /* Frameworks */ = {
			isa = PBXGroup;
			children = (
				B5A62EA45E8D58ED7BC59B81 /* Pods_CameraFaceDetectExample.framework */,
			);
			name = Frameworks;
			sourceTree = "<group>";
		};
/* End PBXGroup section */

/* Begin PBXNativeTarget section */
		315C8FFB2A1B4F9800EDD525 /* CameraFaceDetectExample */ = {
			isa = PBXNativeTarget;
			buildConfigurationList = 315C90102A1B4F9900EDD525 /* Build configuration list for PBXNativeTarget "CameraFaceDetectExample" */;
			buildPhases = (
				BAA7C99F45DF3FF22FE0CCC0 /* [CP] Check Pods Manifest.lock */,
				315C8FF82A1B4F9800EDD525 /* Sources */,
				315C8FF92A1B4F9800EDD525 /* Frameworks */,
				315C8FFA2A1B4F9800EDD525 /* Resources */,
				4CEB83F44A8FB7FF4C1F7444 /* [CP] Embed Pods Frameworks */,
			);
			buildRules = (
			);
			dependencies = (
			);
			name = CameraFaceDetectExample;
			productName = CameraFaceDetectExample;
			productReference = 315C8FFC2A1B4F9800EDD525 /* CameraFaceDetectExample.app */;
			productType = "com.apple.product-type.application";
		};
/* End PBXNativeTarget section */

/* Begin PBXProject section */
		315C8FF42A1B4F9800EDD525 /* Project object */ = {
			isa = PBXProject;
			attributes = {
				BuildIndependentTargetsInParallel = 1;
				LastSwiftUpdateCheck = 1430;
				LastUpgradeCheck = 1430;
				TargetAttributes = {
					315C8FFB2A1B4F9800EDD525 = {
						CreatedOnToolsVersion = 14.3;
					};
				};
			};
			buildConfigurationList = 315C8FF72A1B4F9800EDD525 /* Build configuration list for PBXProject "CameraFaceDetectExample" */;
			compatibilityVersion = "Xcode 14.0";
			developmentRegion = en;
			hasScannedForEncodings = 0;
			knownRegions = (
				en,
				Base,
			);
			mainGroup = 315C8FF32A1B4F9800EDD525;
			productRefGroup = 315C8FFD2A1B4F9800EDD525 /* Products */;
			projectDirPath = "";
			projectRoot = "";
			targets = (
				315C8FFB2A1B4F9800EDD525 /* CameraFaceDetectExample */,
			);
		};
/* End PBXProject section */

/* Begin PBXResourcesBuildPhase section */
		315C8FFA2A1B4F9800EDD525 /* Resources */ = {
			isa = PBXResourcesBuildPhase;
			buildActionMask = 2147483647;
			files = (
				315C900C2A1B4F9900EDD525 /* LaunchScreen.storyboard in Resources */,
				315C90092A1B4F9900EDD525 /* Assets.xcassets in Resources */,
				315C90072A1B4F9800EDD525 /* Main.storyboard in Resources */,
			);
			runOnlyForDeploymentPostprocessing = 0;
		};
/* End PBXResourcesBuildPhase section */

/* Begin PBXShellScriptBuildPhase section */
		4CEB83F44A8FB7FF4C1F7444 /* [CP] Embed Pods Frameworks */ = {
			isa = PBXShellScriptBuildPhase;
			buildActionMask = 2147483647;
			files = (
			);
			inputFileListPaths = (
				"${PODS_ROOT}/Target Support Files/Pods-CameraFaceDetectExample/Pods-CameraFaceDetectExample-frameworks-${CONFIGURATION}-input-files.xcfilelist",
			);
			name = "[CP] Embed Pods Frameworks";
			outputFileListPaths = (
				"${PODS_ROOT}/Target Support Files/Pods-CameraFaceDetectExample/Pods-CameraFaceDetectExample-frameworks-${CONFIGURATION}-output-files.xcfilelist",
			);
			runOnlyForDeploymentPostprocessing = 0;
			shellPath = /bin/sh;
			shellScript = "\"${PODS_ROOT}/Target Support Files/Pods-CameraFaceDetectExample/Pods-CameraFaceDetectExample-frameworks.sh\"\n";
			showEnvVarsInLog = 0;
		};
		BAA7C99F45DF3FF22FE0CCC0 /* [CP] Check Pods Manifest.lock */ = {
			isa = PBXShellScriptBuildPhase;
			buildActionMask = 2147483647;
			files = (
			);
			inputFileListPaths = (
			);
			inputPaths = (
				"${PODS_PODFILE_DIR_PATH}/Podfile.lock",
				"${PODS_ROOT}/Manifest.lock",
			);
			name = "[CP] Check Pods Manifest.lock";
			outputFileListPaths = (
			);
			outputPaths = (
				"$(DERIVED_FILE_DIR)/Pods-CameraFaceDetectExample-checkManifestLockResult.txt",
			);
			runOnlyForDeploymentPostprocessing = 0;
			shellPath = /bin/sh;
			shellScript = "diff \"${PODS_PODFILE_DIR_PATH}/Podfile.lock\" \"${PODS_ROOT}/Manifest.lock\" > /dev/null\nif [ $? != 0 ] ; then\n    # print error to STDERR\n    echo \"error: The sandbox is not in sync with the Podfile.lock. Run 'pod install' or update your CocoaPods installation.\" >&2\n    exit 1\nfi\n# This output is used by Xcode 'outputs' to avoid re-running this script phase.\necho \"SUCCESS\" > \"${SCRIPT_OUTPUT_FILE_0}\"\n";
			showEnvVarsInLog = 0;
		};
/* End PBXShellScriptBuildPhase section */

/* Begin PBXSourcesBuildPhase section */
		315C8FF82A1B4F9800EDD525 /* Sources */ = {
			isa = PBXSourcesBuildPhase;
			buildActionMask = 2147483647;
			files = (
				315C90042A1B4F9800EDD525 /* ViewController.swift in Sources */,
				315C90142A1B525400EDD525 /* ViewModel.swift in Sources */,
				315C90002A1B4F9800EDD525 /* AppDelegate.swift in Sources */,
				315C90022A1B4F9800EDD525 /* SceneDelegate.swift in Sources */,
			);
			runOnlyForDeploymentPostprocessing = 0;
		};
/* End PBXSourcesBuildPhase section */

/* Begin PBXVariantGroup section */
		315C90052A1B4F9800EDD525 /* Main.storyboard */ = {
			isa = PBXVariantGroup;
			children = (
				315C90062A1B4F9800EDD525 /* Base */,
			);
			name = Main.storyboard;
			sourceTree = "<group>";
		};
		315C900A2A1B4F9900EDD525 /* LaunchScreen.storyboard */ = {
			isa = PBXVariantGroup;
			children = (
				315C900B2A1B4F9900EDD525 /* Base */,
			);
			name = LaunchScreen.storyboard;
			sourceTree = "<group>";
		};
/* End PBXVariantGroup section */

/* Begin XCBuildConfiguration section */
		315C900E2A1B4F9900EDD525 /* Debug */ = {
			isa = XCBuildConfiguration;
			buildSettings = {
				ALWAYS_SEARCH_USER_PATHS = NO;
				CLANG_ANALYZER_NONNULL = YES;
				CLANG_ANALYZER_NUMBER_OBJECT_CONVERSION = YES_AGGRESSIVE;
				CLANG_CXX_LANGUAGE_STANDARD = "gnu++20";
				CLANG_ENABLE_MODULES = YES;
				CLANG_ENABLE_OBJC_ARC = YES;
				CLANG_ENABLE_OBJC_WEAK = YES;
				CLANG_WARN_BLOCK_CAPTURE_AUTORELEASING = YES;
				CLANG_WARN_BOOL_CONVERSION = YES;
				CLANG_WARN_COMMA = YES;
				CLANG_WARN_CONSTANT_CONVERSION = YES;
				CLANG_WARN_DEPRECATED_OBJC_IMPLEMENTATIONS = YES;
				CLANG_WARN_DIRECT_OBJC_ISA_USAGE = YES_ERROR;
				CLANG_WARN_DOCUMENTATION_COMMENTS = YES;
				CLANG_WARN_EMPTY_BODY = YES;
				CLANG_WARN_ENUM_CONVERSION = YES;
				CLANG_WARN_INFINITE_RECURSION = YES;
				CLANG_WARN_INT_CONVERSION = YES;
				CLANG_WARN_NON_LITERAL_NULL_CONVERSION = YES;
				CLANG_WARN_OBJC_IMPLICIT_RETAIN_SELF = YES;
				CLANG_WARN_OBJC_LITERAL_CONVERSION = YES;
				CLANG_WARN_OBJC_ROOT_CLASS = YES_ERROR;
				CLANG_WARN_QUOTED_INCLUDE_IN_FRAMEWORK_HEADER = YES;
				CLANG_WARN_RANGE_LOOP_ANALYSIS = YES;
				CLANG_WARN_STRICT_PROTOTYPES = YES;
				CLANG_WARN_SUSPICIOUS_MOVE = YES;
				CLANG_WARN_UNGUARDED_AVAILABILITY = YES_AGGRESSIVE;
				CLANG_WARN_UNREACHABLE_CODE = YES;
				CLANG_WARN__DUPLICATE_METHOD_MATCH = YES;
				COPY_PHASE_STRIP = NO;
				DEBUG_INFORMATION_FORMAT = dwarf;
				ENABLE_STRICT_OBJC_MSGSEND = YES;
				ENABLE_TESTABILITY = YES;
				GCC_C_LANGUAGE_STANDARD = gnu11;
				GCC_DYNAMIC_NO_PIC = NO;
				GCC_NO_COMMON_BLOCKS = YES;
				GCC_OPTIMIZATION_LEVEL = 0;
				GCC_PREPROCESSOR_DEFINITIONS = (
					"DEBUG=1",
					"$(inherited)",
				);
				GCC_WARN_64_TO_32_BIT_CONVERSION = YES;
				GCC_WARN_ABOUT_RETURN_TYPE = YES_ERROR;
				GCC_WARN_UNDECLARED_SELECTOR = YES;
				GCC_WARN_UNINITIALIZED_AUTOS = YES_AGGRESSIVE;
				GCC_WARN_UNUSED_FUNCTION = YES;
				GCC_WARN_UNUSED_VARIABLE = YES;
				IPHONEOS_DEPLOYMENT_TARGET = 16.4;
				MTL_ENABLE_DEBUG_INFO = INCLUDE_SOURCE;
				MTL_FAST_MATH = YES;
				ONLY_ACTIVE_ARCH = YES;
				SDKROOT = iphoneos;
				SWIFT_ACTIVE_COMPILATION_CONDITIONS = DEBUG;
				SWIFT_OPTIMIZATION_LEVEL = "-Onone";
			};
			name = Debug;
		};
		315C900F2A1B4F9900EDD525 /* Release */ = {
			isa = XCBuildConfiguration;
			buildSettings = {
				ALWAYS_SEARCH_USER_PATHS = NO;
				CLANG_ANALYZER_NONNULL = YES;
				CLANG_ANALYZER_NUMBER_OBJECT_CONVERSION = YES_AGGRESSIVE;
				CLANG_CXX_LANGUAGE_STANDARD = "gnu++20";
				CLANG_ENABLE_MODULES = YES;
				CLANG_ENABLE_OBJC_ARC = YES;
				CLANG_ENABLE_OBJC_WEAK = YES;
				CLANG_WARN_BLOCK_CAPTURE_AUTORELEASING = YES;
				CLANG_WARN_BOOL_CONVERSION = YES;
				CLANG_WARN_COMMA = YES;
				CLANG_WARN_CONSTANT_CONVERSION = YES;
				CLANG_WARN_DEPRECATED_OBJC_IMPLEMENTATIONS = YES;
				CLANG_WARN_DIRECT_OBJC_ISA_USAGE = YES_ERROR;
				CLANG_WARN_DOCUMENTATION_COMMENTS = YES;
				CLANG_WARN_EMPTY_BODY = YES;
				CLANG_WARN_ENUM_CONVERSION = YES;
				CLANG_WARN_INFINITE_RECURSION = YES;
				CLANG_WARN_INT_CONVERSION = YES;
				CLANG_WARN_NON_LITERAL_NULL_CONVERSION = YES;
				CLANG_WARN_OBJC_IMPLICIT_RETAIN_SELF = YES;
				CLANG_WARN_OBJC_LITERAL_CONVERSION = YES;
				CLANG_WARN_OBJC_ROOT_CLASS = YES_ERROR;
				CLANG_WARN_QUOTED_INCLUDE_IN_FRAMEWORK_HEADER = YES;
				CLANG_WARN_RANGE_LOOP_ANALYSIS = YES;
				CLANG_WARN_STRICT_PROTOTYPES = YES;
				CLANG_WARN_SUSPICIOUS_MOVE = YES;
				CLANG_WARN_UNGUARDED_AVAILABILITY = YES_AGGRESSIVE;
				CLANG_WARN_UNREACHABLE_CODE = YES;
				CLANG_WARN__DUPLICATE_METHOD_MATCH = YES;
				COPY_PHASE_STRIP = NO;
				DEBUG_INFORMATION_FORMAT = "dwarf-with-dsym";
				ENABLE_NS_ASSERTIONS = NO;
				ENABLE_STRICT_OBJC_MSGSEND = YES;
				GCC_C_LANGUAGE_STANDARD = gnu11;
				GCC_NO_COMMON_BLOCKS = YES;
				GCC_WARN_64_TO_32_BIT_CONVERSION = YES;
				GCC_WARN_ABOUT_RETURN_TYPE = YES_ERROR;
				GCC_WARN_UNDECLARED_SELECTOR = YES;
				GCC_WARN_UNINITIALIZED_AUTOS = YES_AGGRESSIVE;
				GCC_WARN_UNUSED_FUNCTION = YES;
				GCC_WARN_UNUSED_VARIABLE = YES;
				IPHONEOS_DEPLOYMENT_TARGET = 16.4;
				MTL_ENABLE_DEBUG_INFO = NO;
				MTL_FAST_MATH = YES;
				SDKROOT = iphoneos;
				SWIFT_COMPILATION_MODE = wholemodule;
				SWIFT_OPTIMIZATION_LEVEL = "-O";
				VALIDATE_PRODUCT = YES;
			};
			name = Release;
		};
		315C90112A1B4F9900EDD525 /* Debug */ = {
			isa = XCBuildConfiguration;
			baseConfigurationReference = 5951B37C1897E2D49C0E8326 /* Pods-CameraFaceDetectExample.debug.xcconfig */;
			buildSettings = {
				ASSETCATALOG_COMPILER_APPICON_NAME = AppIcon;
				ASSETCATALOG_COMPILER_GLOBAL_ACCENT_COLOR_NAME = AccentColor;
				CODE_SIGN_STYLE = Automatic;
				CURRENT_PROJECT_VERSION = 1;
				DEVELOPMENT_TEAM = U5LW6HVD99;
				GENERATE_INFOPLIST_FILE = YES;
				INFOPLIST_FILE = CameraFaceDetectExample/Info.plist;
				INFOPLIST_KEY_NSCameraUsageDescription = "顔認証に利用";
				INFOPLIST_KEY_UIApplicationSupportsIndirectInputEvents = YES;
				INFOPLIST_KEY_UILaunchStoryboardName = LaunchScreen;
				INFOPLIST_KEY_UIMainStoryboardFile = Main;
				INFOPLIST_KEY_UISupportedInterfaceOrientations_iPad = "UIInterfaceOrientationPortrait UIInterfaceOrientationPortraitUpsideDown UIInterfaceOrientationLandscapeLeft UIInterfaceOrientationLandscapeRight";
				INFOPLIST_KEY_UISupportedInterfaceOrientations_iPhone = "UIInterfaceOrientationPortrait UIInterfaceOrientationLandscapeLeft UIInterfaceOrientationLandscapeRight";
				LD_RUNPATH_SEARCH_PATHS = (
					"$(inherited)",
					"@executable_path/Frameworks",
				);
				MARKETING_VERSION = 1.0;
				PRODUCT_BUNDLE_IDENTIFIER = com.yourcompany.CameraFaceDetectExample;
				PRODUCT_NAME = "$(TARGET_NAME)";
				SWIFT_EMIT_LOC_STRINGS = YES;
				SWIFT_VERSION = 5.0;
				TARGETED_DEVICE_FAMILY = "1,2";
			};
			name = Debug;
		};
		315C90122A1B4F9900EDD525 /* Release */ = {
			isa = XCBuildConfiguration;
			baseConfigurationReference = 822F3223A0C836240D8AB3DA /* Pods-CameraFaceDetectExample.release.xcconfig */;
			buildSettings = {
				ASSETCATALOG_COMPILER_APPICON_NAME = AppIcon;
				ASSETCATALOG_COMPILER_GLOBAL_ACCENT_COLOR_NAME = AccentColor;
				CODE_SIGN_STYLE = Automatic;
				CURRENT_PROJECT_VERSION = 1;
				DEVELOPMENT_TEAM = U5LW6HVD99;
				GENERATE_INFOPLIST_FILE = YES;
				INFOPLIST_FILE = CameraFaceDetectExample/Info.plist;
				INFOPLIST_KEY_NSCameraUsageDescription = "顔認証に利用";
				INFOPLIST_KEY_UIApplicationSupportsIndirectInputEvents = YES;
				INFOPLIST_KEY_UILaunchStoryboardName = LaunchScreen;
				INFOPLIST_KEY_UIMainStoryboardFile = Main;
				INFOPLIST_KEY_UISupportedInterfaceOrientations_iPad = "UIInterfaceOrientationPortrait UIInterfaceOrientationPortraitUpsideDown UIInterfaceOrientationLandscapeLeft UIInterfaceOrientationLandscapeRight";
				INFOPLIST_KEY_UISupportedInterfaceOrientations_iPhone = "UIInterfaceOrientationPortrait UIInterfaceOrientationLandscapeLeft UIInterfaceOrientationLandscapeRight";
				LD_RUNPATH_SEARCH_PATHS = (
					"$(inherited)",
					"@executable_path/Frameworks",
				);
				MARKETING_VERSION = 1.0;
				PRODUCT_BUNDLE_IDENTIFIER = com.yourcompany.CameraFaceDetectExample;
				PRODUCT_NAME = "$(TARGET_NAME)";
				SWIFT_EMIT_LOC_STRINGS = YES;
				SWIFT_VERSION = 5.0;
				TARGETED_DEVICE_FAMILY = "1,2";
			};
			name = Release;
		};
/* End XCBuildConfiguration section */

/* Begin XCConfigurationList section */
		315C8FF72A1B4F9800EDD525 /* Build configuration list for PBXProject "CameraFaceDetectExample" */ = {
			isa = XCConfigurationList;
			buildConfigurations = (
				315C900E2A1B4F9900EDD525 /* Debug */,
				315C900F2A1B4F9900EDD525 /* Release */,
			);
			defaultConfigurationIsVisible = 0;
			defaultConfigurationName = Release;
		};
		315C90102A1B4F9900EDD525 /* Build configuration list for PBXNativeTarget "CameraFaceDetectExample" */ = {
			isa = XCConfigurationList;
			buildConfigurations = (
				315C90112A1B4F9900EDD525 /* Debug */,
				315C90122A1B4F9900EDD525 /* Release */,
			);
			defaultConfigurationIsVisible = 0;
			defaultConfigurationName = Release;
		};
/* End XCConfigurationList section */
	};
	rootObject = 315C8FF42A1B4F9800EDD525 /* Project object */;
}
